
Microsoft Visual Studio Solution File, Format Version 12.00
# Visual Studio Version 17
VisualStudioVersion = 17.3.32922.545
MinimumVisualStudioVersion = 10.0.40219.1
Project("{FAE04EC0-301F-11D3-BF4B-00C04F79EFBC}") = "AdventofCodeDay2", "AdventofCodeDay2\AdventofCodeDay2.csproj", "{C7D70446-1122-4BAF-A193-413469748C1F}"
EndProject
Global
	GlobalSection(SolutionConfigurationPlatforms) = preSolution
		Debug|Any CPU = Debug|Any CPU
		Release|Any CPU = Release|Any CPU
	EndGlobalSection
	GlobalSection(ProjectConfigurationPlatforms) = postSolution
		{C7D70446-1122-4BAF-A193-413469748C1F}.Debug|Any CPU.ActiveCfg = Debug|Any CPU
		{C7D70446-1122-4BAF-A193-413469748C1F}.Debug|Any CPU.Build.0 = Debug|Any CPU
		{C7D70446-1122-4BAF-A193-413469748C1F}.Release|Any CPU.ActiveCfg = Release|Any CPU
		{C7D70446-1122-4BAF-A193-413469748C1F}.Release|Any CPU.Build.0 = Release|Any CPU
	EndGlobalSection
	GlobalSection(SolutionProperties) = preSolution
		HideSolutionNode = FALSE
	EndGlobalSection
	GlobalSection(ExtensibilityGlobals) = postSolution
		SolutionGuid = {D8BDA7FC-348C-4669-9D09-5E756179DFC2}
	EndGlobalSection
EndGlobal
